
Microsoft Visual Studio Solution File, Format Version 12.00
# Visual Studio Version 16
VisualStudioVersion = 16.0.30717.126
MinimumVisualStudioVersion = 10.0.40219.1
Project("{FAE04EC0-301F-11D3-BF4B-00C04F79EFBC}") = "appFunerariaRojas", "appFunerariaRojas\appFunerariaRojas.csproj", "{A1F7DEFD-93B0-4CF2-9AC5-C55453C46186}"
EndProject
Global
	GlobalSection(SolutionConfigurationPlatforms) = preSolution
		Debug|Any CPU = Debug|Any CPU
		Release|Any CPU = Release|Any CPU
	EndGlobalSection
	GlobalSection(ProjectConfigurationPlatforms) = postSolution
		{A1F7DEFD-93B0-4CF2-9AC5-C55453C46186}.Debug|Any CPU.ActiveCfg = Debug|Any CPU
		{A1F7DEFD-93B0-4CF2-9AC5-C55453C46186}.Debug|Any CPU.Build.0 = Debug|Any CPU
		{A1F7DEFD-93B0-4CF2-9AC5-C55453C46186}.Release|Any CPU.ActiveCfg = Release|Any CPU
		{A1F7DEFD-93B0-4CF2-9AC5-C55453C46186}.Release|Any CPU.Build.0 = Release|Any CPU
	EndGlobalSection
	GlobalSection(SolutionProperties) = preSolution
		HideSolutionNode = FALSE
	EndGlobalSection
	GlobalSection(ExtensibilityGlobals) = postSolution
		SolutionGuid = {A200BA48-C105-4AD3-903F-B1DDCD3A62EC}
	EndGlobalSection
EndGlobal
